
Microsoft Visual Studio Solution File, Format Version 12.00
# Visual Studio Version 16
VisualStudioVersion = 16.0.30717.126
MinimumVisualStudioVersion = 10.0.40219.1
Project("{2150E333-8FDC-42A3-9474-1A3956D46DE8}") = "src", "src", "{44307530-9D76-4C4D-94EB-6B6105CEFD86}"
EndProject
Project("{9A19103F-16F7-4668-BE54-9A1E7A4F7556}") = "FeatureClient", "src\FeatureClient\FeatureClient.csproj", "{2E069592-254E-41CE-9D89-EB7AE6B48AA0}"
EndProject
Global
	GlobalSection(SolutionConfigurationPlatforms) = preSolution
		Debug|Any CPU = Debug|Any CPU
		Release|Any CPU = Release|Any CPU
	EndGlobalSection
	GlobalSection(ProjectConfigurationPlatforms) = postSolution
		{2E069592-254E-41CE-9D89-EB7AE6B48AA0}.Debug|Any CPU.ActiveCfg = Debug|Any CPU
		{2E069592-254E-41CE-9D89-EB7AE6B48AA0}.Debug|Any CPU.Build.0 = Debug|Any CPU
		{2E069592-254E-41CE-9D89-EB7AE6B48AA0}.Release|Any CPU.ActiveCfg = Release|Any CPU
		{2E069592-254E-41CE-9D89-EB7AE6B48AA0}.Release|Any CPU.Build.0 = Release|Any CPU
	EndGlobalSection
	GlobalSection(SolutionProperties) = preSolution
		HideSolutionNode = FALSE
	EndGlobalSection
	GlobalSection(NestedProjects) = preSolution
		{2E069592-254E-41CE-9D89-EB7AE6B48AA0} = {44307530-9D76-4C4D-94EB-6B6105CEFD86}
	EndGlobalSection
	GlobalSection(ExtensibilityGlobals) = postSolution
		SolutionGuid = {94E4E6FD-6C58-49F9-AF8A-021BCA48BBA1}
	EndGlobalSection
EndGlobal
